
Microsoft Visual Studio Solution File, Format Version 12.00
# Visual Studio Version 16
VisualStudioVersion = 16.0.31205.134
MinimumVisualStudioVersion = 10.0.40219.1
Project("{FAE04EC0-301F-11D3-BF4B-00C04F79EFBC}") = "Calculator", "Calculator\Calculator.csproj", "{B985134D-1DC8-4487-B4F0-9DF8A37F72EA}"
EndProject
Global
	GlobalSection(SolutionConfigurationPlatforms) = preSolution
		Debug|Any CPU = Debug|Any CPU
		Release|Any CPU = Release|Any CPU
	EndGlobalSection
	GlobalSection(ProjectConfigurationPlatforms) = postSolution
		{B985134D-1DC8-4487-B4F0-9DF8A37F72EA}.Debug|Any CPU.ActiveCfg = Debug|Any CPU
		{B985134D-1DC8-4487-B4F0-9DF8A37F72EA}.Debug|Any CPU.Build.0 = Debug|Any CPU
		{B985134D-1DC8-4487-B4F0-9DF8A37F72EA}.Release|Any CPU.ActiveCfg = Release|Any CPU
		{B985134D-1DC8-4487-B4F0-9DF8A37F72EA}.Release|Any CPU.Build.0 = Release|Any CPU
	EndGlobalSection
	GlobalSection(SolutionProperties) = preSolution
		HideSolutionNode = FALSE
	EndGlobalSection
	GlobalSection(ExtensibilityGlobals) = postSolution
		SolutionGuid = {75CA55D6-A180-4B34-B1AE-7F42E1BB3D90}
	EndGlobalSection
EndGlobal
